// !$*UTF8*$!
{
	archiveVersion = 1;
	classes = {
	};
	objectVersion = 46;
	objects = {

/* Begin PBXBuildFile section */
		30B4C4521ABBCA3700206229 /* OrderPlaceViewController.m in Sources */ = {isa = PBXBuildFile; fileRef = 30B4C4501ABBCA3700206229 /* OrderPlaceViewController.m */; };
		30B4C4531ABBCA3700206229 /* OrderPlaceViewController.xib in Resources */ = {isa = PBXBuildFile; fileRef = 30B4C4511ABBCA3700206229 /* OrderPlaceViewController.xib */; };
		30B4C4571ABBF40D00206229 /* OrderCostumTableViewCell.m in Sources */ = {isa = PBXBuildFile; fileRef = 30B4C4551ABBF40D00206229 /* OrderCostumTableViewCell.m */; };
		30B4C4581ABBF40D00206229 /* OrderCostumTableViewCell.xib in Resources */ = {isa = PBXBuildFile; fileRef = 30B4C4561ABBF40D00206229 /* OrderCostumTableViewCell.xib */; };
		30B76A861ABA81460002CF9A /* DetailViewController.m in Sources */ = {isa = PBXBuildFile; fileRef = 30B76A841ABA81460002CF9A /* DetailViewController.m */; };
		30B76A871ABA81460002CF9A /* DetailViewController.xib in Resources */ = {isa = PBXBuildFile; fileRef = 30B76A851ABA81460002CF9A /* DetailViewController.xib */; };
		30B76A8B1ABA92340002CF9A /* LoginViewController.m in Sources */ = {isa = PBXBuildFile; fileRef = 30B76A891ABA92340002CF9A /* LoginViewController.m */; };
		30B76A8C1ABA92340002CF9A /* LoginViewController.xib in Resources */ = {isa = PBXBuildFile; fileRef = 30B76A8A1ABA92340002CF9A /* LoginViewController.xib */; };
		30CAEC671AB7D5F000F36AE8 /* main.m in Sources */ = {isa = PBXBuildFile; fileRef = 30CAEC661AB7D5F000F36AE8 /* main.m */; };
		30CAEC6A1AB7D5F000F36AE8 /* AppDelegate.m in Sources */ = {isa = PBXBuildFile; fileRef = 30CAEC691AB7D5F000F36AE8 /* AppDelegate.m */; };
		30CAEC6D1AB7D5F000F36AE8 /* ViewController.m in Sources */ = {isa = PBXBuildFile; fileRef = 30CAEC6C1AB7D5F000F36AE8 /* ViewController.m */; };
		30CAEC701AB7D5F000F36AE8 /* Main.storyboard in Resources */ = {isa = PBXBuildFile; fileRef = 30CAEC6E1AB7D5F000F36AE8 /* Main.storyboard */; };
		30CAEC721AB7D5F000F36AE8 /* Images.xcassets in Resources */ = {isa = PBXBuildFile; fileRef = 30CAEC711AB7D5F000F36AE8 /* Images.xcassets */; };
		30CAEC751AB7D5F000F36AE8 /* LaunchScreen.xib in Resources */ = {isa = PBXBuildFile; fileRef = 30CAEC731AB7D5F000F36AE8 /* LaunchScreen.xib */; };
		30CAEC811AB7D5F000F36AE8 /* ShenZhenActivityTests.m in Sources */ = {isa = PBXBuildFile; fileRef = 30CAEC801AB7D5F000F36AE8 /* ShenZhenActivityTests.m */; };
		30CAEC8D1AB7D71C00F36AE8 /* HomeViewController.m in Sources */ = {isa = PBXBuildFile; fileRef = 30CAEC8B1AB7D71C00F36AE8 /* HomeViewController.m */; };
		30CAEC8E1AB7D71C00F36AE8 /* HomeViewController.xib in Resources */ = {isa = PBXBuildFile; fileRef = 30CAEC8C1AB7D71C00F36AE8 /* HomeViewController.xib */; };
		30CF5A9E1ABFAF8D00465201 /* PlaceDetailViewController.m in Sources */ = {isa = PBXBuildFile; fileRef = 30CF5A9C1ABFAF8D00465201 /* PlaceDetailViewController.m */; };
		30CF5A9F1ABFAF8D00465201 /* PlaceDetailViewController.xib in Resources */ = {isa = PBXBuildFile; fileRef = 30CF5A9D1ABFAF8D00465201 /* PlaceDetailViewController.xib */; };
		30D3BB441AB9461D003E3536 /* LeftView.m in Sources */ = {isa = PBXBuildFile; fileRef = 30D3BB431AB9461D003E3536 /* LeftView.m */; };
		30D3BB481AB95743003E3536 /* LeftTableViewCell.m in Sources */ = {isa = PBXBuildFile; fileRef = 30D3BB461AB95743003E3536 /* LeftTableViewCell.m */; };
		30D3BB491AB95743003E3536 /* LeftTableViewCell.xib in Resources */ = {isa = PBXBuildFile; fileRef = 30D3BB471AB95743003E3536 /* LeftTableViewCell.xib */; };
		C49EC626D763ED12F2802EA2 /* libPods.a in Frameworks */ = {isa = PBXBuildFile; fileRef = 0FD0953B4EE4B389F551529E /* libPods.a */; };
/* End PBXBuildFile section */

/* Begin PBXContainerItemProxy section */
		30CAEC7B1AB7D5F000F36AE8 /* PBXContainerItemProxy */ = {
			isa = PBXContainerItemProxy;
			containerPortal = 30CAEC591AB7D5F000F36AE8 /* Project object */;
			proxyType = 1;
			remoteGlobalIDString = 30CAEC601AB7D5F000F36AE8;
			remoteInfo = ShenZhenActivity;
		};
/* End PBXContainerItemProxy section */

/* Begin PBXFileReference section */
		0FD0953B4EE4B389F551529E /* libPods.a */ = {isa = PBXFileReference; explicitFileType = archive.ar; includeInIndex = 0; path = libPods.a; sourceTree = BUILT_PRODUCTS_DIR; };
		30B4C44F1ABBCA3700206229 /* OrderPlaceViewController.h */ = {isa = PBXFileReference; fileEncoding = 4; lastKnownFileType = sourcecode.c.h; path = OrderPlaceViewController.h; sourceTree = "<group>"; };
		30B4C4501ABBCA3700206229 /* OrderPlaceViewController.m */ = {isa = PBXFileReference; fileEncoding = 4; lastKnownFileType = sourcecode.c.objc; path = OrderPlaceViewController.m; sourceTree = "<group>"; };
		30B4C4511ABBCA3700206229 /* OrderPlaceViewController.xib */ = {isa = PBXFileReference; fileEncoding = 4; lastKnownFileType = file.xib; path = OrderPlaceViewController.xib; sourceTree = "<group>"; };
		30B4C4541ABBF40D00206229 /* OrderCostumTableViewCell.h */ = {isa = PBXFileReference; fileEncoding = 4; lastKnownFileType = sourcecode.c.h; path = OrderCostumTableViewCell.h; sourceTree = "<group>"; };
		30B4C4551ABBF40D00206229 /* OrderCostumTableViewCell.m */ = {isa = PBXFileReference; fileEncoding = 4; lastKnownFileType = sourcecode.c.objc; path = OrderCostumTableViewCell.m; sourceTree = "<group>"; };
		30B4C4561ABBF40D00206229 /* OrderCostumTableViewCell.xib */ = {isa = PBXFileReference; fileEncoding = 4; lastKnownFileType = file.xib; path = OrderCostumTableViewCell.xib; sourceTree = "<group>"; };
		30B76A831ABA81460002CF9A /* DetailViewController.h */ = {isa = PBXFileReference; fileEncoding = 4; lastKnownFileType = sourcecode.c.h; path = DetailViewController.h; sourceTree = "<group>"; };
		30B76A841ABA81460002CF9A /* DetailViewController.m */ = {isa = PBXFileReference; fileEncoding = 4; lastKnownFileType = sourcecode.c.objc; path = DetailViewController.m; sourceTree = "<group>"; };
		30B76A851ABA81460002CF9A /* DetailViewController.xib */ = {isa = PBXFileReference; fileEncoding = 4; lastKnownFileType = file.xib; path = DetailViewController.xib; sourceTree = "<group>"; };
		30B76A881ABA92340002CF9A /* LoginViewController.h */ = {isa = PBXFileReference; fileEncoding = 4; lastKnownFileType = sourcecode.c.h; path = LoginViewController.h; sourceTree = "<group>"; };
		30B76A891ABA92340002CF9A /* LoginViewController.m */ = {isa = PBXFileReference; fileEncoding = 4; lastKnownFileType = sourcecode.c.objc; path = LoginViewController.m; sourceTree = "<group>"; };
		30B76A8A1ABA92340002CF9A /* LoginViewController.xib */ = {isa = PBXFileReference; fileEncoding = 4; lastKnownFileType = file.xib; path = LoginViewController.xib; sourceTree = "<group>"; };
		30CAEC611AB7D5F000F36AE8 /* ShenZhenActivity.app */ = {isa = PBXFileReference; explicitFileType = wrapper.application; includeInIndex = 0; path = ShenZhenActivity.app; sourceTree = BUILT_PRODUCTS_DIR; };
		30CAEC651AB7D5F000F36AE8 /* Info.plist */ = {isa = PBXFileReference; lastKnownFileType = text.plist.xml; path = Info.plist; sourceTree = "<group>"; };
		30CAEC661AB7D5F000F36AE8 /* main.m */ = {isa = PBXFileReference; lastKnownFileType = sourcecode.c.objc; path = main.m; sourceTree = "<group>"; };
		30CAEC681AB7D5F000F36AE8 /* AppDelegate.h */ = {isa = PBXFileReference; lastKnownFileType = sourcecode.c.h; path = AppDelegate.h; sourceTree = "<group>"; };
		30CAEC691AB7D5F000F36AE8 /* AppDelegate.m */ = {isa = PBXFileReference; lastKnownFileType = sourcecode.c.objc; path = AppDelegate.m; sourceTree = "<group>"; };
		30CAEC6B1AB7D5F000F36AE8 /* ViewController.h */ = {isa = PBXFileReference; lastKnownFileType = sourcecode.c.h; path = ViewController.h; sourceTree = "<group>"; };
		30CAEC6C1AB7D5F000F36AE8 /* ViewController.m */ = {isa = PBXFileReference; lastKnownFileType = sourcecode.c.objc; path = ViewController.m; sourceTree = "<group>"; };
		30CAEC6F1AB7D5F000F36AE8 /* Base */ = {isa = PBXFileReference; lastKnownFileType = file.storyboard; name = Base; path = Base.lproj/Main.storyboard; sourceTree = "<group>"; };
		30CAEC711AB7D5F000F36AE8 /* Images.xcassets */ = {isa = PBXFileReference; lastKnownFileType = folder.assetcatalog; path = Images.xcassets; sourceTree = "<group>"; };
		30CAEC741AB7D5F000F36AE8 /* Base */ = {isa = PBXFileReference; lastKnownFileType = file.xib; name = Base; path = Base.lproj/LaunchScreen.xib; sourceTree = "<group>"; };
		30CAEC7A1AB7D5F000F36AE8 /* ShenZhenActivityTests.xctest */ = {isa = PBXFileReference; explicitFileType = wrapper.cfbundle; includeInIndex = 0; path = ShenZhenActivityTests.xctest; sourceTree = BUILT_PRODUCTS_DIR; };
		30CAEC7F1AB7D5F000F36AE8 /* Info.plist */ = {isa = PBXFileReference; lastKnownFileType = text.plist.xml; path = Info.plist; sourceTree = "<group>"; };
		30CAEC801AB7D5F000F36AE8 /* ShenZhenActivityTests.m */ = {isa = PBXFileReference; lastKnownFileType = sourcecode.c.objc; path = ShenZhenActivityTests.m; sourceTree = "<group>"; };
		30CAEC8A1AB7D71C00F36AE8 /* HomeViewController.h */ = {isa = PBXFileReference; fileEncoding = 4; lastKnownFileType = sourcecode.c.h; path = HomeViewController.h; sourceTree = "<group>"; };
		30CAEC8B1AB7D71C00F36AE8 /* HomeViewController.m */ = {isa = PBXFileReference; fileEncoding = 4; lastKnownFileType = sourcecode.c.objc; path = HomeViewController.m; sourceTree = "<group>"; };
		30CAEC8C1AB7D71C00F36AE8 /* HomeViewController.xib */ = {isa = PBXFileReference; fileEncoding = 4; lastKnownFileType = file.xib; path = HomeViewController.xib; sourceTree = "<group>"; };
		30CF5A9B1ABFAF8D00465201 /* PlaceDetailViewController.h */ = {isa = PBXFileReference; fileEncoding = 4; lastKnownFileType = sourcecode.c.h; path = PlaceDetailViewController.h; sourceTree = "<group>"; };
		30CF5A9C1ABFAF8D00465201 /* PlaceDetailViewController.m */ = {isa = PBXFileReference; fileEncoding = 4; lastKnownFileType = sourcecode.c.objc; path = PlaceDetailViewController.m; sourceTree = "<group>"; };
		30CF5A9D1ABFAF8D00465201 /* PlaceDetailViewController.xib */ = {isa = PBXFileReference; fileEncoding = 4; lastKnownFileType = file.xib; path = PlaceDetailViewController.xib; sourceTree = "<group>"; };
		30D3BB421AB9461D003E3536 /* LeftView.h */ = {isa = PBXFileReference; fileEncoding = 4; lastKnownFileType = sourcecode.c.h; path = LeftView.h; sourceTree = "<group>"; };
		30D3BB431AB9461D003E3536 /* LeftView.m */ = {isa = PBXFileReference; fileEncoding = 4; lastKnownFileType = sourcecode.c.objc; path = LeftView.m; sourceTree = "<group>"; };
		30D3BB451AB95743003E3536 /* LeftTableViewCell.h */ = {isa = PBXFileReference; fileEncoding = 4; lastKnownFileType = sourcecode.c.h; path = LeftTableViewCell.h; sourceTree = "<group>"; };
		30D3BB461AB95743003E3536 /* LeftTableViewCell.m */ = {isa = PBXFileReference; fileEncoding = 4; lastKnownFileType = sourcecode.c.objc; path = LeftTableViewCell.m; sourceTree = "<group>"; };
		30D3BB471AB95743003E3536 /* LeftTableViewCell.xib */ = {isa = PBXFileReference; fileEncoding = 4; lastKnownFileType = file.xib; path = LeftTableViewCell.xib; sourceTree = "<group>"; };
		31528634FF1ABA3DF6F224C7 /* Pods.debug.xcconfig */ = {isa = PBXFileReference; includeInIndex = 1; lastKnownFileType = text.xcconfig; name = Pods.debug.xcconfig; path = "Pods/Target Support Files/Pods/Pods.debug.xcconfig"; sourceTree = "<group>"; };
		CF5A276E92E3590D7C8EE5F9 /* Pods.release.xcconfig */ = {isa = PBXFileReference; includeInIndex = 1; lastKnownFileType = text.xcconfig; name = Pods.release.xcconfig; path = "Pods/Target Support Files/Pods/Pods.release.xcconfig"; sourceTree = "<group>"; };
/* End PBXFileReference section */

/* Begin PBXFrameworksBuildPhase section */
		30CAEC5E1AB7D5F000F36AE8 /* Frameworks */ = {
			isa = PBXFrameworksBuildPhase;
			buildActionMask = 2147483647;
			files = (
				C49EC626D763ED12F2802EA2 /* libPods.a in Frameworks */,
			);
			runOnlyForDeploymentPostprocessing = 0;
		};
		30CAEC771AB7D5F000F36AE8 /* Frameworks */ = {
			isa = PBXFrameworksBuildPhase;
			buildActionMask = 2147483647;
			files = (
			);
			runOnlyForDeploymentPostprocessing = 0;
		};
/* End PBXFrameworksBuildPhase section */

/* Begin PBXGroup section */
		16CBD687C96E269C784FD550 /* Frameworks */ = {
			isa = PBXGroup;
			children = (
				0FD0953B4EE4B389F551529E /* libPods.a */,
			);
			name = Frameworks;
			sourceTree = "<group>";
		};
		30CAEC581AB7D5F000F36AE8 = {
			isa = PBXGroup;
			children = (
				30CAEC631AB7D5F000F36AE8 /* ShenZhenActivity */,
				30CAEC7D1AB7D5F000F36AE8 /* ShenZhenActivityTests */,
				30CAEC621AB7D5F000F36AE8 /* Products */,
				747C8302567A58B98F7A54A6 /* Pods */,
				16CBD687C96E269C784FD550 /* Frameworks */,
			);
			sourceTree = "<group>";
		};
		30CAEC621AB7D5F000F36AE8 /* Products */ = {
			isa = PBXGroup;
			children = (
				30CAEC611AB7D5F000F36AE8 /* ShenZhenActivity.app */,
				30CAEC7A1AB7D5F000F36AE8 /* ShenZhenActivityTests.xctest */,
			);
			name = Products;
			sourceTree = "<group>";
		};
		30CAEC631AB7D5F000F36AE8 /* ShenZhenActivity */ = {
			isa = PBXGroup;
			children = (
				30CAEC681AB7D5F000F36AE8 /* AppDelegate.h */,
				30CAEC691AB7D5F000F36AE8 /* AppDelegate.m */,
				30CAEC6B1AB7D5F000F36AE8 /* ViewController.h */,
				30CAEC6C1AB7D5F000F36AE8 /* ViewController.m */,
				30B76A881ABA92340002CF9A /* LoginViewController.h */,
				30B76A891ABA92340002CF9A /* LoginViewController.m */,
				30B76A8A1ABA92340002CF9A /* LoginViewController.xib */,
				30CAEC8A1AB7D71C00F36AE8 /* HomeViewController.h */,
				30CAEC8B1AB7D71C00F36AE8 /* HomeViewController.m */,
				30CAEC8C1AB7D71C00F36AE8 /* HomeViewController.xib */,
				30B76A831ABA81460002CF9A /* DetailViewController.h */,
				30B76A841ABA81460002CF9A /* DetailViewController.m */,
				30B76A851ABA81460002CF9A /* DetailViewController.xib */,
				30B4C44F1ABBCA3700206229 /* OrderPlaceViewController.h */,
				30B4C4501ABBCA3700206229 /* OrderPlaceViewController.m */,
				30B4C4511ABBCA3700206229 /* OrderPlaceViewController.xib */,
				30B4C4541ABBF40D00206229 /* OrderCostumTableViewCell.h */,
				30B4C4551ABBF40D00206229 /* OrderCostumTableViewCell.m */,
				30B4C4561ABBF40D00206229 /* OrderCostumTableViewCell.xib */,
				30CF5A9B1ABFAF8D00465201 /* PlaceDetailViewController.h */,
				30CF5A9C1ABFAF8D00465201 /* PlaceDetailViewController.m */,
				30CF5A9D1ABFAF8D00465201 /* PlaceDetailViewController.xib */,
				30D3BB421AB9461D003E3536 /* LeftView.h */,
				30D3BB431AB9461D003E3536 /* LeftView.m */,
				30D3BB451AB95743003E3536 /* LeftTableViewCell.h */,
				30D3BB461AB95743003E3536 /* LeftTableViewCell.m */,
				30D3BB471AB95743003E3536 /* LeftTableViewCell.xib */,
				30CAEC6E1AB7D5F000F36AE8 /* Main.storyboard */,
				30CAEC711AB7D5F000F36AE8 /* Images.xcassets */,
				30CAEC731AB7D5F000F36AE8 /* LaunchScreen.xib */,
				30CAEC641AB7D5F000F36AE8 /* Supporting Files */,
			);
			path = ShenZhenActivity;
			sourceTree = "<group>";
		};
		30CAEC641AB7D5F000F36AE8 /* Supporting Files */ = {
			isa = PBXGroup;
			children = (
				30CAEC651AB7D5F000F36AE8 /* Info.plist */,
				30CAEC661AB7D5F000F36AE8 /* main.m */,
			);
			name = "Supporting Files";
			sourceTree = "<group>";
		};
		30CAEC7D1AB7D5F000F36AE8 /* ShenZhenActivityTests */ = {
			isa = PBXGroup;
			children = (
				30CAEC801AB7D5F000F36AE8 /* ShenZhenActivityTests.m */,
				30CAEC7E1AB7D5F000F36AE8 /* Supporting Files */,
			);
			path = ShenZhenActivityTests;
			sourceTree = "<group>";
		};
		30CAEC7E1AB7D5F000F36AE8 /* Supporting Files */ = {
			isa = PBXGroup;
			children = (
				30CAEC7F1AB7D5F000F36AE8 /* Info.plist */,
			);
			name = "Supporting Files";
			sourceTree = "<group>";
		};
		747C8302567A58B98F7A54A6 /* Pods */ = {
			isa = PBXGroup;
			children = (
				31528634FF1ABA3DF6F224C7 /* Pods.debug.xcconfig */,
				CF5A276E92E3590D7C8EE5F9 /* Pods.release.xcconfig */,
			);
			name = Pods;
			sourceTree = "<group>";
		};
/* End PBXGroup section */

/* Begin PBXNativeTarget section */
		30CAEC601AB7D5F000F36AE8 /* ShenZhenActivity */ = {
			isa = PBXNativeTarget;
			buildConfigurationList = 30CAEC841AB7D5F000F36AE8 /* Build configuration list for PBXNativeTarget "ShenZhenActivity" */;
			buildPhases = (
				B1878F79B3283EA835362486 /* Check Pods Manifest.lock */,
				30CAEC5D1AB7D5F000F36AE8 /* Sources */,
				30CAEC5E1AB7D5F000F36AE8 /* Frameworks */,
				30CAEC5F1AB7D5F000F36AE8 /* Resources */,
				5E3FFD944937A5F7027C400B /* Copy Pods Resources */,
			);
			buildRules = (
			);
			dependencies = (
			);
			name = ShenZhenActivity;
			productName = ShenZhenActivity;
			productReference = 30CAEC611AB7D5F000F36AE8 /* ShenZhenActivity.app */;
			productType = "com.apple.product-type.application";
		};
		30CAEC791AB7D5F000F36AE8 /* ShenZhenActivityTests */ = {
			isa = PBXNativeTarget;
			buildConfigurationList = 30CAEC871AB7D5F000F36AE8 /* Build configuration list for PBXNativeTarget "ShenZhenActivityTests" */;
			buildPhases = (
				30CAEC761AB7D5F000F36AE8 /* Sources */,
				30CAEC771AB7D5F000F36AE8 /* Frameworks */,
				30CAEC781AB7D5F000F36AE8 /* Resources */,
			);
			buildRules = (
			);
			dependencies = (
				30CAEC7C1AB7D5F000F36AE8 /* PBXTargetDependency */,
			);
			name = ShenZhenActivityTests;
			productName = ShenZhenActivityTests;
			productReference = 30CAEC7A1AB7D5F000F36AE8 /* ShenZhenActivityTests.xctest */;
			productType = "com.apple.product-type.bundle.unit-test";
		};
/* End PBXNativeTarget section */

/* Begin PBXProject section */
		30CAEC591AB7D5F000F36AE8 /* Project object */ = {
			isa = PBXProject;
			attributes = {
				LastUpgradeCheck = 0620;
				ORGANIZATIONNAME = PSYDemo;
				TargetAttributes = {
					30CAEC601AB7D5F000F36AE8 = {
						CreatedOnToolsVersion = 6.2;
					};
					30CAEC791AB7D5F000F36AE8 = {
						CreatedOnToolsVersion = 6.2;
						TestTargetID = 30CAEC601AB7D5F000F36AE8;
					};
				};
			};
			buildConfigurationList = 30CAEC5C1AB7D5F000F36AE8 /* Build configuration list for PBXProject "ShenZhenActivity" */;
			compatibilityVersion = "Xcode 3.2";
			developmentRegion = English;
			hasScannedForEncodings = 0;
			knownRegions = (
				en,
				Base,
			);
			mainGroup = 30CAEC581AB7D5F000F36AE8;
			productRefGroup = 30CAEC621AB7D5F000F36AE8 /* Products */;
			projectDirPath = "";
			projectRoot = "";
			targets = (
				30CAEC601AB7D5F000F36AE8 /* ShenZhenActivity */,
				30CAEC791AB7D5F000F36AE8 /* ShenZhenActivityTests */,
			);
		};
/* End PBXProject section */

/* Begin PBXResourcesBuildPhase section */
		30CAEC5F1AB7D5F000F36AE8 /* Resources */ = {
			isa = PBXResourcesBuildPhase;
			buildActionMask = 2147483647;
			files = (
				30B4C4581ABBF40D00206229 /* OrderCostumTableViewCell.xib in Resources */,
				30D3BB491AB95743003E3536 /* LeftTableViewCell.xib in Resources */,
				30B76A871ABA81460002CF9A /* DetailViewController.xib in Resources */,
				30CAEC701AB7D5F000F36AE8 /* Main.storyboard in Resources */,
				30CAEC751AB7D5F000F36AE8 /* LaunchScreen.xib in Resources */,
				30CF5A9F1ABFAF8D00465201 /* PlaceDetailViewController.xib in Resources */,
				30CAEC721AB7D5F000F36AE8 /* Images.xcassets in Resources */,
				30B4C4531ABBCA3700206229 /* OrderPlaceViewController.xib in Resources */,
				30B76A8C1ABA92340002CF9A /* LoginViewController.xib in Resources */,
				30CAEC8E1AB7D71C00F36AE8 /* HomeViewController.xib in Resources */,
			);
			runOnlyForDeploymentPostprocessing = 0;
		};
		30CAEC781AB7D5F000F36AE8 /* Resources */ = {
			isa = PBXResourcesBuildPhase;
			buildActionMask = 2147483647;
			files = (
			);
			runOnlyForDeploymentPostprocessing = 0;
		};
/* End PBXResourcesBuildPhase section */

/* Begin PBXShellScriptBuildPhase section */
		5E3FFD944937A5F7027C400B /* Copy Pods Resources */ = {
			isa = PBXShellScriptBuildPhase;
			buildActionMask = 2147483647;
			files = (
			);
			inputPaths = (
			);
			name = "Copy Pods Resources";
			outputPaths = (
			);
			runOnlyForDeploymentPostprocessing = 0;
			shellPath = /bin/sh;
			shellScript = "\"${SRCROOT}/Pods/Target Support Files/Pods/Pods-resources.sh\"\n";
			showEnvVarsInLog = 0;
		};
		B1878F79B3283EA835362486 /* Check Pods Manifest.lock */ = {
			isa = PBXShellScriptBuildPhase;
			buildActionMask = 2147483647;
			files = (
			);
			inputPaths = (
			);
			name = "Check Pods Manifest.lock";
			outputPaths = (
			);
			runOnlyForDeploymentPostprocessing = 0;
			shellPath = /bin/sh;
			shellScript = "diff \"${PODS_ROOT}/../Podfile.lock\" \"${PODS_ROOT}/Manifest.lock\" > /dev/null\nif [[ $? != 0 ]] ; then\n    cat << EOM\nerror: The sandbox is not in sync with the Podfile.lock. Run 'pod install' or update your CocoaPods installation.\nEOM\n    exit 1\nfi\n";
			showEnvVarsInLog = 0;
		};
/* End PBXShellScriptBuildPhase section */

/* Begin PBXSourcesBuildPhase section */
		30CAEC5D1AB7D5F000F36AE8 /* Sources */ = {
			isa = PBXSourcesBuildPhase;
			buildActionMask = 2147483647;
			files = (
				30B4C4521ABBCA3700206229 /* OrderPlaceViewController.m in Sources */,
				30B76A8B1ABA92340002CF9A /* LoginViewController.m in Sources */,
				30CF5A9E1ABFAF8D00465201 /* PlaceDetailViewController.m in Sources */,
				30D3BB441AB9461D003E3536 /* LeftView.m in Sources */,
				30CAEC6D1AB7D5F000F36AE8 /* ViewController.m in Sources */,
				30D3BB481AB95743003E3536 /* LeftTableViewCell.m in Sources */,
				30CAEC6A1AB7D5F000F36AE8 /* AppDelegate.m in Sources */,
				30CAEC671AB7D5F000F36AE8 /* main.m in Sources */,
				30B4C4571ABBF40D00206229 /* OrderCostumTableViewCell.m in Sources */,
				30CAEC8D1AB7D71C00F36AE8 /* HomeViewController.m in Sources */,
				30B76A861ABA81460002CF9A /* DetailViewController.m in Sources */,
			);
			runOnlyForDeploymentPostprocessing = 0;
		};
		30CAEC761AB7D5F000F36AE8 /* Sources */ = {
			isa = PBXSourcesBuildPhase;
			buildActionMask = 2147483647;
			files = (
				30CAEC811AB7D5F000F36AE8 /* ShenZhenActivityTests.m in Sources */,
			);
			runOnlyForDeploymentPostprocessing = 0;
		};
/* End PBXSourcesBuildPhase section */

/* Begin PBXTargetDependency section */
		30CAEC7C1AB7D5F000F36AE8 /* PBXTargetDependency */ = {
			isa = PBXTargetDependency;
			target = 30CAEC601AB7D5F000F36AE8 /* ShenZhenActivity */;
			targetProxy = 30CAEC7B1AB7D5F000F36AE8 /* PBXContainerItemProxy */;
		};
/* End PBXTargetDependency section */

/* Begin PBXVariantGroup section */
		30CAEC6E1AB7D5F000F36AE8 /* Main.storyboard */ = {
			isa = PBXVariantGroup;
			children = (
				30CAEC6F1AB7D5F000F36AE8 /* Base */,
			);
			name = Main.storyboard;
			sourceTree = "<group>";
		};
		30CAEC731AB7D5F000F36AE8 /* LaunchScreen.xib */ = {
			isa = PBXVariantGroup;
			children = (
				30CAEC741AB7D5F000F36AE8 /* Base */,
			);
			name = LaunchScreen.xib;
			sourceTree = "<group>";
		};
/* End PBXVariantGroup section */

/* Begin XCBuildConfiguration section */
		30CAEC821AB7D5F000F36AE8 /* Debug */ = {
			isa = XCBuildConfiguration;
			buildSettings = {
				ALWAYS_SEARCH_USER_PATHS = NO;
				CLANG_CXX_LANGUAGE_STANDARD = "gnu++0x";
				CLANG_CXX_LIBRARY = "libc++";
				CLANG_ENABLE_MODULES = YES;
				CLANG_ENABLE_OBJC_ARC = YES;
				CLANG_WARN_BOOL_CONVERSION = YES;
				CLANG_WARN_CONSTANT_CONVERSION = YES;
				CLANG_WARN_DIRECT_OBJC_ISA_USAGE = YES_ERROR;
				CLANG_WARN_EMPTY_BODY = YES;
				CLANG_WARN_ENUM_CONVERSION = YES;
				CLANG_WARN_INT_CONVERSION = YES;
				CLANG_WARN_OBJC_ROOT_CLASS = YES_ERROR;
				CLANG_WARN_UNREACHABLE_CODE = YES;
				CLANG_WARN__DUPLICATE_METHOD_MATCH = YES;
				"CODE_SIGN_IDENTITY[sdk=iphoneos*]" = "iPhone Developer";
				COPY_PHASE_STRIP = NO;
				ENABLE_STRICT_OBJC_MSGSEND = YES;
				GCC_C_LANGUAGE_STANDARD = gnu99;
				GCC_DYNAMIC_NO_PIC = NO;
				GCC_OPTIMIZATION_LEVEL = 0;
				GCC_PREPROCESSOR_DEFINITIONS = (
					"DEBUG=1",
					"$(inherited)",
				);
				GCC_SYMBOLS_PRIVATE_EXTERN = NO;
				GCC_WARN_64_TO_32_BIT_CONVERSION = YES;
				GCC_WARN_ABOUT_RETURN_TYPE = YES_ERROR;
				GCC_WARN_UNDECLARED_SELECTOR = YES;
				GCC_WARN_UNINITIALIZED_AUTOS = YES_AGGRESSIVE;
				GCC_WARN_UNUSED_FUNCTION = YES;
				GCC_WARN_UNUSED_VARIABLE = YES;
				IPHONEOS_DEPLOYMENT_TARGET = 8.2;
				MTL_ENABLE_DEBUG_INFO = YES;
				ONLY_ACTIVE_ARCH = YES;
				SDKROOT = iphoneos;
			};
			name = Debug;
		};
		30CAEC831AB7D5F000F36AE8 /* Release */ = {
			isa = XCBuildConfiguration;
			buildSettings = {
				ALWAYS_SEARCH_USER_PATHS = NO;
				CLANG_CXX_LANGUAGE_STANDARD = "gnu++0x";
				CLANG_CXX_LIBRARY = "libc++";
				CLANG_ENABLE_MODULES = YES;
				CLANG_ENABLE_OBJC_ARC = YES;
				CLANG_WARN_BOOL_CONVERSION = YES;
				CLANG_WARN_CONSTANT_CONVERSION = YES;
				CLANG_WARN_DIRECT_OBJC_ISA_USAGE = YES_ERROR;
				CLANG_WARN_EMPTY_BODY = YES;
				CLANG_WARN_ENUM_CONVERSION = YES;
				CLANG_WARN_INT_CONVERSION = YES;
				CLANG_WARN_OBJC_ROOT_CLASS = YES_ERROR;
				CLANG_WARN_UNREACHABLE_CODE = YES;
				CLANG_WARN__DUPLICATE_METHOD_MATCH = YES;
				"CODE_SIGN_IDENTITY[sdk=iphoneos*]" = "iPhone Developer";
				COPY_PHASE_STRIP = NO;
				ENABLE_NS_ASSERTIONS = NO;
				ENABLE_STRICT_OBJC_MSGSEND = YES;
				GCC_C_LANGUAGE_STANDARD = gnu99;
				GCC_WARN_64_TO_32_BIT_CONVERSION = YES;
				GCC_WARN_ABOUT_RETURN_TYPE = YES_ERROR;
				GCC_WARN_UNDECLARED_SELECTOR = YES;
				GCC_WARN_UNINITIALIZED_AUTOS = YES_AGGRESSIVE;
				GCC_WARN_UNUSED_FUNCTION = YES;
				GCC_WARN_UNUSED_VARIABLE = YES;
				IPHONEOS_DEPLOYMENT_TARGET = 8.2;
				MTL_ENABLE_DEBUG_INFO = NO;
				SDKROOT = iphoneos;
				VALIDATE_PRODUCT = YES;
			};
			name = Release;
		};
		30CAEC851AB7D5F000F36AE8 /* Debug */ = {
			isa = XCBuildConfiguration;
			baseConfigurationReference = 31528634FF1ABA3DF6F224C7 /* Pods.debug.xcconfig */;
			buildSettings = {
				ASSETCATALOG_COMPILER_APPICON_NAME = AppIcon;
				INFOPLIST_FILE = ShenZhenActivity/Info.plist;
				IPHONEOS_DEPLOYMENT_TARGET = 7.1;
				LD_RUNPATH_SEARCH_PATHS = "$(inherited) @executable_path/Frameworks";
				PRODUCT_NAME = "$(TARGET_NAME)";
			};
			name = Debug;
		};
		30CAEC861AB7D5F000F36AE8 /* Release */ = {
			isa = XCBuildConfiguration;
			baseConfigurationReference = CF5A276E92E3590D7C8EE5F9 /* Pods.release.xcconfig */;
			buildSettings = {
				ASSETCATALOG_COMPILER_APPICON_NAME = AppIcon;
				INFOPLIST_FILE = ShenZhenActivity/Info.plist;
				IPHONEOS_DEPLOYMENT_TARGET = 7.1;
				LD_RUNPATH_SEARCH_PATHS = "$(inherited) @executable_path/Frameworks";
				PRODUCT_NAME = "$(TARGET_NAME)";
			};
			name = Release;
		};
		30CAEC881AB7D5F000F36AE8 /* Debug */ = {
			isa = XCBuildConfiguration;
			buildSettings = {
				BUNDLE_LOADER = "$(TEST_HOST)";
				FRAMEWORK_SEARCH_PATHS = (
					"$(SDKROOT)/Developer/Library/Frameworks",
					"$(inherited)",
				);
				GCC_PREPROCESSOR_DEFINITIONS = (
					"DEBUG=1",
					"$(inherited)",
				);
				INFOPLIST_FILE = ShenZhenActivityTests/Info.plist;
				LD_RUNPATH_SEARCH_PATHS = "$(inherited) @executable_path/Frameworks @loader_path/Frameworks";
				PRODUCT_NAME = "$(TARGET_NAME)";
				TEST_HOST = "$(BUILT_PRODUCTS_DIR)/ShenZhenActivity.app/ShenZhenActivity";
			};
			name = Debug;
		};
		30CAEC891AB7D5F000F36AE8 /* Release */ = {
			isa = XCBuildConfiguration;
			buildSettings = {
				BUNDLE_LOADER = "$(TEST_HOST)";
				FRAMEWORK_SEARCH_PATHS = (
					"$(SDKROOT)/Developer/Library/Frameworks",
					"$(inherited)",
				);
				INFOPLIST_FILE = ShenZhenActivityTests/Info.plist;
				LD_RUNPATH_SEARCH_PATHS = "$(inherited) @executable_path/Frameworks @loader_path/Frameworks";
				PRODUCT_NAME = "$(TARGET_NAME)";
				TEST_HOST = "$(BUILT_PRODUCTS_DIR)/ShenZhenActivity.app/ShenZhenActivity";
			};
			name = Release;
		};
/* End XCBuildConfiguration section */

/* Begin XCConfigurationList section */
		30CAEC5C1AB7D5F000F36AE8 /* Build configuration list for PBXProject "ShenZhenActivity" */ = {
			isa = XCConfigurationList;
			buildConfigurations = (
				30CAEC821AB7D5F000F36AE8 /* Debug */,
				30CAEC831AB7D5F000F36AE8 /* Release */,
			);
			defaultConfigurationIsVisible = 0;
			defaultConfigurationName = Release;
		};
		30CAEC841AB7D5F000F36AE8 /* Build configuration list for PBXNativeTarget "ShenZhenActivity" */ = {
			isa = XCConfigurationList;
			buildConfigurations = (
				30CAEC851AB7D5F000F36AE8 /* Debug */,
				30CAEC861AB7D5F000F36AE8 /* Release */,
			);
			defaultConfigurationIsVisible = 0;
			defaultConfigurationName = Release;
		};
		30CAEC871AB7D5F000F36AE8 /* Build configuration list for PBXNativeTarget "ShenZhenActivityTests" */ = {
			isa = XCConfigurationList;
			buildConfigurations = (
				30CAEC881AB7D5F000F36AE8 /* Debug */,
				30CAEC891AB7D5F000F36AE8 /* Release */,
			);
			defaultConfigurationIsVisible = 0;
			defaultConfigurationName = Release;
		};
/* End XCConfigurationList section */
	};
	rootObject = 30CAEC591AB7D5F000F36AE8 /* Project object */;
}
